{
  "nodes": {
    "nixCats": {
      "locked": {
        "lastModified": 1737901913,
        "narHash": "sha256-wA8Vtsn6XMhWCCeh4ynLcT8ENwFmJR1xtoSVVRY+fi4=",
        "owner": "BirdeeHub",
        "repo": "nixCats-nvim",
        "rev": "3427ac9394e1eed87c039353b085d29a6d6c4d1c",
        "type": "github"
      },
      "original": {
        "owner": "BirdeeHub",
        "repo": "nixCats-nvim",
        "type": "github"
      }
    },
    "nixpkgs": {
      "locked": {
        "lastModified": 1737879851,
        "narHash": "sha256-H+FXIKj//kmFHTTW4DFeOjR7F1z2/3eb2iwN6Me4YZk=",
        "owner": "NixOS",
        "repo": "nixpkgs",
        "rev": "5d3221fd57cc442a1a522a15eb5f58230f45a304",
        "type": "github"
      },
      "original": {
        "owner": "NixOS",
        "ref": "nixpkgs-unstable",
        "repo": "nixpkgs",
        "type": "github"
      }
    },
    "root": {
      "inputs": {
        "nixCats": "nixCats",
        "nixpkgs": "nixpkgs"
      }
    }
  },
  "root": "root",
  "version": 7
}
